
Microsoft Visual Studio Solution File, Format Version 12.00
# Visual Studio Version 17
VisualStudioVersion = 17.3.32819.101
MinimumVisualStudioVersion = 10.0.40219.1
Project("{FAE04EC0-301F-11D3-BF4B-00C04F79EFBC}") = "ConsoleApp1", "ConsoleApp1.csproj", "{C27BE7D6-BB40-404A-B277-640EB46AE0A9}"
EndProject
Project("{FAE04EC0-301F-11D3-BF4B-00C04F79EFBC}") = "amazon", "..\amazon\amazon.csproj", "{C0BDDEA2-A284-4629-A4CD-4FC5FFF9C76D}"
EndProject
Global
	GlobalSection(SolutionConfigurationPlatforms) = preSolution
		Debug|Any CPU = Debug|Any CPU
		Release|Any CPU = Release|Any CPU
	EndGlobalSection
	GlobalSection(ProjectConfigurationPlatforms) = postSolution
		{C27BE7D6-BB40-404A-B277-640EB46AE0A9}.Debug|Any CPU.ActiveCfg = Debug|Any CPU
		{C27BE7D6-BB40-404A-B277-640EB46AE0A9}.Debug|Any CPU.Build.0 = Debug|Any CPU
		{C27BE7D6-BB40-404A-B277-640EB46AE0A9}.Release|Any CPU.ActiveCfg = Release|Any CPU
		{C27BE7D6-BB40-404A-B277-640EB46AE0A9}.Release|Any CPU.Build.0 = Release|Any CPU
		{C0BDDEA2-A284-4629-A4CD-4FC5FFF9C76D}.Debug|Any CPU.ActiveCfg = Debug|Any CPU
		{C0BDDEA2-A284-4629-A4CD-4FC5FFF9C76D}.Debug|Any CPU.Build.0 = Debug|Any CPU
		{C0BDDEA2-A284-4629-A4CD-4FC5FFF9C76D}.Release|Any CPU.ActiveCfg = Release|Any CPU
		{C0BDDEA2-A284-4629-A4CD-4FC5FFF9C76D}.Release|Any CPU.Build.0 = Release|Any CPU
	EndGlobalSection
	GlobalSection(SolutionProperties) = preSolution
		HideSolutionNode = FALSE
	EndGlobalSection
	GlobalSection(ExtensibilityGlobals) = postSolution
		SolutionGuid = {9368BEFE-6BC8-4952-B750-89E222EF5363}
	EndGlobalSection
EndGlobal
